{
  "name": "FirefoxAddonTab",
  "version": "0.0.0",
  "lockfileVersion": 1,
  "requires": true,
  "dependencies": {
    "typescript": {
      "version": "3.5.1",
      "resolved": "https://registry.npmjs.org/typescript/-/typescript-3.5.1.tgz",
      "integrity": "sha512-64HkdiRv1yYZsSe4xC1WVgamNigVYjlssIoaH2HcZF0+ijsk5YK2g0G34w9wJkze8+5ow4STd22AynfO6ZYYLw==",
      "dev": true
    },
    "web-ext-types": {
      "version": "github:kelseasy/web-ext-types#652155e78128484fc50110b7f6f4f907eeb16193",
      "from": "github:kelseasy/web-ext-types",
      "dev": true
    }
  }
}
